
Microsoft Visual Studio Solution File, Format Version 12.00
# Visual Studio Version 17
VisualStudioVersion = 17.5.33502.453
MinimumVisualStudioVersion = 10.0.40219.1
Project("{FAE04EC0-301F-11D3-BF4B-00C04F79EFBC}") = "Blog.Api", "Blog.Api\Blog.Api.csproj", "{946CD437-82CC-4226-AC6B-7CB930D3AFA2}"
EndProject
Project("{FAE04EC0-301F-11D3-BF4B-00C04F79EFBC}") = "Blog.Data", "Blog.Data\Blog.Data.csproj", "{7EE96CBB-82AE-486E-A125-2225118B2012}"
EndProject
Global
	GlobalSection(SolutionConfigurationPlatforms) = preSolution
		Debug|Any CPU = Debug|Any CPU
		Release|Any CPU = Release|Any CPU
	EndGlobalSection
	GlobalSection(ProjectConfigurationPlatforms) = postSolution
		{946CD437-82CC-4226-AC6B-7CB930D3AFA2}.Debug|Any CPU.ActiveCfg = Debug|Any CPU
		{946CD437-82CC-4226-AC6B-7CB930D3AFA2}.Debug|Any CPU.Build.0 = Debug|Any CPU
		{946CD437-82CC-4226-AC6B-7CB930D3AFA2}.Release|Any CPU.ActiveCfg = Release|Any CPU
		{946CD437-82CC-4226-AC6B-7CB930D3AFA2}.Release|Any CPU.Build.0 = Release|Any CPU
		{7EE96CBB-82AE-486E-A125-2225118B2012}.Debug|Any CPU.ActiveCfg = Debug|Any CPU
		{7EE96CBB-82AE-486E-A125-2225118B2012}.Debug|Any CPU.Build.0 = Debug|Any CPU
		{7EE96CBB-82AE-486E-A125-2225118B2012}.Release|Any CPU.ActiveCfg = Release|Any CPU
		{7EE96CBB-82AE-486E-A125-2225118B2012}.Release|Any CPU.Build.0 = Release|Any CPU
	EndGlobalSection
	GlobalSection(SolutionProperties) = preSolution
		HideSolutionNode = FALSE
	EndGlobalSection
	GlobalSection(ExtensibilityGlobals) = postSolution
		SolutionGuid = {AC0A534E-24E9-4EDC-B8A6-B561AA25A72D}
	EndGlobalSection
EndGlobal
